// !$*UTF8*$!
{
	archiveVersion = 1;
	classes = {
	};
	objectVersion = 51;
	objects = {

/* Begin PBXBuildFile section */
		153C57EABB471FA8CFF0D2A1 /* Pods_Money.framework in Frameworks */ = {isa = PBXBuildFile; fileRef = 92BE1CA9F5A5815B9243A085 /* Pods_Money.framework */; };
		3E1F73B82701C83F00D6B1F4 /* ReportsViewController.swift in Sources */ = {isa = PBXBuildFile; fileRef = 3E1F73B72701C83F00D6B1F4 /* ReportsViewController.swift */; };
		3E25D0732702E61B00181A21 /* NewsModel.swift in Sources */ = {isa = PBXBuildFile; fileRef = 3E25D0722702E61B00181A21 /* NewsModel.swift */; };
		3E25D0752702E63500181A21 /* NewsManager.swift in Sources */ = {isa = PBXBuildFile; fileRef = 3E25D0742702E63500181A21 /* NewsManager.swift */; };
		3E25D0772702F8BC00181A21 /* NewsData.swift in Sources */ = {isa = PBXBuildFile; fileRef = 3E25D0762702F8BC00181A21 /* NewsData.swift */; };
		3E25D0792704236700181A21 /* NewsViewController.swift in Sources */ = {isa = PBXBuildFile; fileRef = 3E25D0782704236700181A21 /* NewsViewController.swift */; };
		3E25D07B2705A4CF00181A21 /* NewsCell.swift in Sources */ = {isa = PBXBuildFile; fileRef = 3E25D07A2705A4CF00181A21 /* NewsCell.swift */; };
		3E25D07D2706E36500181A21 /* DetailNewsViewController.swift in Sources */ = {isa = PBXBuildFile; fileRef = 3E25D07C2706E36400181A21 /* DetailNewsViewController.swift */; };
		3E25D07F27098F6600181A21 /* GoogleService-Info.plist in Resources */ = {isa = PBXBuildFile; fileRef = 3E25D07E27098F6600181A21 /* GoogleService-Info.plist */; };
		3E25D08127098FCD00181A21 /* WelcomeViewController.swift in Sources */ = {isa = PBXBuildFile; fileRef = 3E25D08027098FCD00181A21 /* WelcomeViewController.swift */; };
		3E3700B126EBD80C00713904 /* ColorCell.swift in Sources */ = {isa = PBXBuildFile; fileRef = 3E3700B026EBD80C00713904 /* ColorCell.swift */; };
		3E448856270AC98300D268F7 /* AccountViewController.swift in Sources */ = {isa = PBXBuildFile; fileRef = 3E448855270AC98300D268F7 /* AccountViewController.swift */; };
		3E448858270AE02200D268F7 /* AccountCell.swift in Sources */ = {isa = PBXBuildFile; fileRef = 3E448857270AE02200D268F7 /* AccountCell.swift */; };
		3E44885A270C250900D268F7 /* AccountSection.swift in Sources */ = {isa = PBXBuildFile; fileRef = 3E448859270C250900D268F7 /* AccountSection.swift */; };
		3E66A4C526F5E2A2002BA59E /* DummyFile.swift in Sources */ = {isa = PBXBuildFile; fileRef = 3E66A4C426F5E2A2002BA59E /* DummyFile.swift */; };
		3E6FF5A026D3FDB500A373CB /* AppDelegate.swift in Sources */ = {isa = PBXBuildFile; fileRef = 3E6FF59F26D3FDB500A373CB /* AppDelegate.swift */; };
		3E6FF5A226D3FDB500A373CB /* SceneDelegate.swift in Sources */ = {isa = PBXBuildFile; fileRef = 3E6FF5A126D3FDB500A373CB /* SceneDelegate.swift */; };
		3E6FF5A426D3FDB500A373CB /* HomeViewController.swift in Sources */ = {isa = PBXBuildFile; fileRef = 3E6FF5A326D3FDB500A373CB /* HomeViewController.swift */; };
		3E6FF5A726D3FDB500A373CB /* Main.storyboard in Resources */ = {isa = PBXBuildFile; fileRef = 3E6FF5A526D3FDB500A373CB /* Main.storyboard */; };
		3E6FF5AA26D3FDB500A373CB /* Money.xcdatamodeld in Sources */ = {isa = PBXBuildFile; fileRef = 3E6FF5A826D3FDB500A373CB /* Money.xcdatamodeld */; };
		3E6FF5AC26D3FDB600A373CB /* Assets.xcassets in Resources */ = {isa = PBXBuildFile; fileRef = 3E6FF5AB26D3FDB600A373CB /* Assets.xcassets */; };
		3E6FF5AF26D3FDB600A373CB /* LaunchScreen.storyboard in Resources */ = {isa = PBXBuildFile; fileRef = 3E6FF5AD26D3FDB600A373CB /* LaunchScreen.storyboard */; };
		3E6FF5BA26D4111000A373CB /* MoneyData.swift in Sources */ = {isa = PBXBuildFile; fileRef = 3E6FF5B926D4111000A373CB /* MoneyData.swift */; };
		3E74540B26E1E75C005E762E /* CategoryCell.swift in Sources */ = {isa = PBXBuildFile; fileRef = 3E74540A26E1E75C005E762E /* CategoryCell.swift */; };
		3EB60DAA26F47A16007BE8CD /* ModalTransitionMediator.swift in Sources */ = {isa = PBXBuildFile; fileRef = 3EB60DA926F47A16007BE8CD /* ModalTransitionMediator.swift */; };
		3EB7ADB726E89BBF00C36345 /* CreateCategoryViewController.swift in Sources */ = {isa = PBXBuildFile; fileRef = 3EB7ADB626E89BBF00C36345 /* CreateCategoryViewController.swift */; };
		3EC56F6C26E5F20700B63E48 /* CategoryViewController.swift in Sources */ = {isa = PBXBuildFile; fileRef = 3EC56F6B26E5F20700B63E48 /* CategoryViewController.swift */; };
		3EC987C0271D456B00E747B9 /* Gradient.swift in Sources */ = {isa = PBXBuildFile; fileRef = 3EC987BF271D456A00E747B9 /* Gradient.swift */; };
		3EF37F9126D7CBDB0043A7E1 /* BalancesTableViewCell.swift in Sources */ = {isa = PBXBuildFile; fileRef = 3EF37F8F26D7CBDB0043A7E1 /* BalancesTableViewCell.swift */; };
		3EF37F9226D7CBDB0043A7E1 /* BalancesTableViewCell.xib in Resources */ = {isa = PBXBuildFile; fileRef = 3EF37F9026D7CBDB0043A7E1 /* BalancesTableViewCell.xib */; };
		3EF37F9426DA11CD0043A7E1 /* Balance.swift in Sources */ = {isa = PBXBuildFile; fileRef = 3EF37F9326DA11CD0043A7E1 /* Balance.swift */; };
		3EF37F9626DCE5A30043A7E1 /* CustomTabBarController.swift in Sources */ = {isa = PBXBuildFile; fileRef = 3EF37F9526DCE5A30043A7E1 /* CustomTabBarController.swift */; };
		3EF37F9826DCF63F0043A7E1 /* CustomTabBar.swift in Sources */ = {isa = PBXBuildFile; fileRef = 3EF37F9726DCF63F0043A7E1 /* CustomTabBar.swift */; };
		3EF37F9A26DCFD0F0043A7E1 /* DataEntriesViewController.swift in Sources */ = {isa = PBXBuildFile; fileRef = 3EF37F9926DCFD0F0043A7E1 /* DataEntriesViewController.swift */; };
/* End PBXBuildFile section */

/* Begin PBXFileReference section */
		27EAB31D30B12E78935C8236 /* Pods-Money.release.xcconfig */ = {isa = PBXFileReference; includeInIndex = 1; lastKnownFileType = text.xcconfig; name = "Pods-Money.release.xcconfig"; path = "Target Support Files/Pods-Money/Pods-Money.release.xcconfig"; sourceTree = "<group>"; };
		3E1F73B72701C83F00D6B1F4 /* ReportsViewController.swift */ = {isa = PBXFileReference; lastKnownFileType = sourcecode.swift; path = ReportsViewController.swift; sourceTree = "<group>"; };
		3E25D0722702E61B00181A21 /* NewsModel.swift */ = {isa = PBXFileReference; lastKnownFileType = sourcecode.swift; path = NewsModel.swift; sourceTree = "<group>"; };
		3E25D0742702E63500181A21 /* NewsManager.swift */ = {isa = PBXFileReference; lastKnownFileType = sourcecode.swift; path = NewsManager.swift; sourceTree = "<group>"; };
		3E25D0762702F8BC00181A21 /* NewsData.swift */ = {isa = PBXFileReference; lastKnownFileType = sourcecode.swift; path = NewsData.swift; sourceTree = "<group>"; };
		3E25D0782704236700181A21 /* NewsViewController.swift */ = {isa = PBXFileReference; lastKnownFileType = sourcecode.swift; path = NewsViewController.swift; sourceTree = "<group>"; };
		3E25D07A2705A4CF00181A21 /* NewsCell.swift */ = {isa = PBXFileReference; lastKnownFileType = sourcecode.swift; path = NewsCell.swift; sourceTree = "<group>"; };
		3E25D07C2706E36400181A21 /* DetailNewsViewController.swift */ = {isa = PBXFileReference; lastKnownFileType = sourcecode.swift; name = DetailNewsViewController.swift; path = Money/Views/DetailNewsViewController.swift; sourceTree = SOURCE_ROOT; };
		3E25D07E27098F6600181A21 /* GoogleService-Info.plist */ = {isa = PBXFileReference; fileEncoding = 4; lastKnownFileType = text.plist.xml; path = "GoogleService-Info.plist"; sourceTree = "<group>"; };
		3E25D08027098FCD00181A21 /* WelcomeViewController.swift */ = {isa = PBXFileReference; lastKnownFileType = sourcecode.swift; path = WelcomeViewController.swift; sourceTree = "<group>"; };
		3E3700B026EBD80C00713904 /* ColorCell.swift */ = {isa = PBXFileReference; lastKnownFileType = sourcecode.swift; path = ColorCell.swift; sourceTree = "<group>"; };
		3E448855270AC98300D268F7 /* AccountViewController.swift */ = {isa = PBXFileReference; lastKnownFileType = sourcecode.swift; path = AccountViewController.swift; sourceTree = "<group>"; };
		3E448857270AE02200D268F7 /* AccountCell.swift */ = {isa = PBXFileReference; lastKnownFileType = sourcecode.swift; path = AccountCell.swift; sourceTree = "<group>"; };
		3E448859270C250900D268F7 /* AccountSection.swift */ = {isa = PBXFileReference; lastKnownFileType = sourcecode.swift; path = AccountSection.swift; sourceTree = "<group>"; };
		3E66A4C426F5E2A2002BA59E /* DummyFile.swift */ = {isa = PBXFileReference; lastKnownFileType = sourcecode.swift; path = DummyFile.swift; sourceTree = "<group>"; };
		3E6FF59C26D3FDB500A373CB /* Money.app */ = {isa = PBXFileReference; explicitFileType = wrapper.application; includeInIndex = 0; path = Money.app; sourceTree = BUILT_PRODUCTS_DIR; };
		3E6FF59F26D3FDB500A373CB /* AppDelegate.swift */ = {isa = PBXFileReference; lastKnownFileType = sourcecode.swift; path = AppDelegate.swift; sourceTree = "<group>"; };
		3E6FF5A126D3FDB500A373CB /* SceneDelegate.swift */ = {isa = PBXFileReference; lastKnownFileType = sourcecode.swift; path = SceneDelegate.swift; sourceTree = "<group>"; };
		3E6FF5A326D3FDB500A373CB /* HomeViewController.swift */ = {isa = PBXFileReference; lastKnownFileType = sourcecode.swift; path = HomeViewController.swift; sourceTree = "<group>"; };
		3E6FF5A626D3FDB500A373CB /* Base */ = {isa = PBXFileReference; lastKnownFileType = file.storyboard; name = Base; path = Base.lproj/Main.storyboard; sourceTree = "<group>"; };
		3E6FF5A926D3FDB500A373CB /* Money.xcdatamodel */ = {isa = PBXFileReference; lastKnownFileType = wrapper.xcdatamodel; path = Money.xcdatamodel; sourceTree = "<group>"; };
		3E6FF5AB26D3FDB600A373CB /* Assets.xcassets */ = {isa = PBXFileReference; lastKnownFileType = folder.assetcatalog; path = Assets.xcassets; sourceTree = "<group>"; };
		3E6FF5AE26D3FDB600A373CB /* Base */ = {isa = PBXFileReference; lastKnownFileType = file.storyboard; name = Base; path = Base.lproj/LaunchScreen.storyboard; sourceTree = "<group>"; };
		3E6FF5B026D3FDB600A373CB /* Info.plist */ = {isa = PBXFileReference; lastKnownFileType = text.plist.xml; path = Info.plist; sourceTree = "<group>"; };
		3E6FF5B926D4111000A373CB /* MoneyData.swift */ = {isa = PBXFileReference; lastKnownFileType = sourcecode.swift; path = MoneyData.swift; sourceTree = "<group>"; };
		3E74540A26E1E75C005E762E /* CategoryCell.swift */ = {isa = PBXFileReference; lastKnownFileType = sourcecode.swift; path = CategoryCell.swift; sourceTree = "<group>"; };
		3EB60DA926F47A16007BE8CD /* ModalTransitionMediator.swift */ = {isa = PBXFileReference; lastKnownFileType = sourcecode.swift; path = ModalTransitionMediator.swift; sourceTree = "<group>"; };
		3EB7ADB626E89BBF00C36345 /* CreateCategoryViewController.swift */ = {isa = PBXFileReference; lastKnownFileType = sourcecode.swift; path = CreateCategoryViewController.swift; sourceTree = "<group>"; };
		3EC56F6B26E5F20700B63E48 /* CategoryViewController.swift */ = {isa = PBXFileReference; lastKnownFileType = sourcecode.swift; path = CategoryViewController.swift; sourceTree = "<group>"; };
		3EC987BF271D456A00E747B9 /* Gradient.swift */ = {isa = PBXFileReference; lastKnownFileType = sourcecode.swift; path = Gradient.swift; sourceTree = "<group>"; };
		3EF37F8F26D7CBDB0043A7E1 /* BalancesTableViewCell.swift */ = {isa = PBXFileReference; lastKnownFileType = sourcecode.swift; path = BalancesTableViewCell.swift; sourceTree = "<group>"; };
		3EF37F9026D7CBDB0043A7E1 /* BalancesTableViewCell.xib */ = {isa = PBXFileReference; lastKnownFileType = file.xib; path = BalancesTableViewCell.xib; sourceTree = "<group>"; };
		3EF37F9326DA11CD0043A7E1 /* Balance.swift */ = {isa = PBXFileReference; lastKnownFileType = sourcecode.swift; path = Balance.swift; sourceTree = "<group>"; };
		3EF37F9526DCE5A30043A7E1 /* CustomTabBarController.swift */ = {isa = PBXFileReference; lastKnownFileType = sourcecode.swift; path = CustomTabBarController.swift; sourceTree = "<group>"; };
		3EF37F9726DCF63F0043A7E1 /* CustomTabBar.swift */ = {isa = PBXFileReference; lastKnownFileType = sourcecode.swift; path = CustomTabBar.swift; sourceTree = "<group>"; };
		3EF37F9926DCFD0F0043A7E1 /* DataEntriesViewController.swift */ = {isa = PBXFileReference; lastKnownFileType = sourcecode.swift; path = DataEntriesViewController.swift; sourceTree = "<group>"; };
		92BE1CA9F5A5815B9243A085 /* Pods_Money.framework */ = {isa = PBXFileReference; explicitFileType = wrapper.framework; includeInIndex = 0; path = Pods_Money.framework; sourceTree = BUILT_PRODUCTS_DIR; };
		9D989AC74C9B5FC2C087360D /* Pods-Money.debug.xcconfig */ = {isa = PBXFileReference; includeInIndex = 1; lastKnownFileType = text.xcconfig; name = "Pods-Money.debug.xcconfig"; path = "Target Support Files/Pods-Money/Pods-Money.debug.xcconfig"; sourceTree = "<group>"; };
/* End PBXFileReference section */

/* Begin PBXFrameworksBuildPhase section */
		3E6FF59926D3FDB500A373CB /* Frameworks */ = {
			isa = PBXFrameworksBuildPhase;
			buildActionMask = 2147483647;
			files = (
				153C57EABB471FA8CFF0D2A1 /* Pods_Money.framework in Frameworks */,
			);
			runOnlyForDeploymentPostprocessing = 0;
		};
/* End PBXFrameworksBuildPhase section */

/* Begin PBXGroup section */
		3E25D0712702E5F600181A21 /* Networking */ = {
			isa = PBXGroup;
			children = (
				3E25D0722702E61B00181A21 /* NewsModel.swift */,
				3E25D0742702E63500181A21 /* NewsManager.swift */,
				3E25D0762702F8BC00181A21 /* NewsData.swift */,
			);
			path = Networking;
			sourceTree = "<group>";
		};
		3E6FF59326D3FDB400A373CB = {
			isa = PBXGroup;
			children = (
				3E6FF59E26D3FDB500A373CB /* Money */,
				3E6FF59D26D3FDB500A373CB /* Products */,
				41734F13167619A267F4A19C /* Pods */,
				C3CFC87B50A270452509BF47 /* Frameworks */,
			);
			sourceTree = "<group>";
		};
		3E6FF59D26D3FDB500A373CB /* Products */ = {
			isa = PBXGroup;
			children = (
				3E6FF59C26D3FDB500A373CB /* Money.app */,
			);
			name = Products;
			sourceTree = "<group>";
		};
		3E6FF59E26D3FDB500A373CB /* Money */ = {
			isa = PBXGroup;
			children = (
				3E6FF59F26D3FDB500A373CB /* AppDelegate.swift */,
				3E6FF5A126D3FDB500A373CB /* SceneDelegate.swift */,
				3E6FF5B826D40FE300A373CB /* Controllers */,
				3E6FF5B726D40FDC00A373CB /* Views */,
				3E6FF5B626D40FD000A373CB /* Models */,
				3E6FF5AB26D3FDB600A373CB /* Assets.xcassets */,
				3E6FF5AD26D3FDB600A373CB /* LaunchScreen.storyboard */,
				3E6FF5B026D3FDB600A373CB /* Info.plist */,
				3E25D07E27098F6600181A21 /* GoogleService-Info.plist */,
				3EB60DA926F47A16007BE8CD /* ModalTransitionMediator.swift */,
			);
			path = Money;
			sourceTree = "<group>";
		};
		3E6FF5B626D40FD000A373CB /* Models */ = {
			isa = PBXGroup;
			children = (
				3E448859270C250900D268F7 /* AccountSection.swift */,
				3E25D0712702E5F600181A21 /* Networking */,
				3E66A4C426F5E2A2002BA59E /* DummyFile.swift */,
				3E6FF5B926D4111000A373CB /* MoneyData.swift */,
				3EF37F9326DA11CD0043A7E1 /* Balance.swift */,
				3E6FF5A826D3FDB500A373CB /* Money.xcdatamodeld */,
			);
			path = Models;
			sourceTree = "<group>";
		};
		3E6FF5B726D40FDC00A373CB /* Views */ = {
			isa = PBXGroup;
			children = (
				3E6FF5A526D3FDB500A373CB /* Main.storyboard */,
				3EF37F9026D7CBDB0043A7E1 /* BalancesTableViewCell.xib */,
			);
			path = Views;
			sourceTree = "<group>";
		};
		3E6FF5B826D40FE300A373CB /* Controllers */ = {
			isa = PBXGroup;
			children = (
				3EF37F9726DCF63F0043A7E1 /* CustomTabBar.swift */,
				3EF37F9526DCE5A30043A7E1 /* CustomTabBarController.swift */,
				3E74540C26E1E767005E762E /* Cells */,
				3E6FF5A326D3FDB500A373CB /* HomeViewController.swift */,
				3EC987BF271D456A00E747B9 /* Gradient.swift */,
				3E1F73B72701C83F00D6B1F4 /* ReportsViewController.swift */,
				3EF37F9926DCFD0F0043A7E1 /* DataEntriesViewController.swift */,
				3EC56F6B26E5F20700B63E48 /* CategoryViewController.swift */,
				3EB7ADB626E89BBF00C36345 /* CreateCategoryViewController.swift */,
				3E25D0782704236700181A21 /* NewsViewController.swift */,
				3E25D07C2706E36400181A21 /* DetailNewsViewController.swift */,
				3E25D08027098FCD00181A21 /* WelcomeViewController.swift */,
				3E448855270AC98300D268F7 /* AccountViewController.swift */,
			);
			path = Controllers;
			sourceTree = "<group>";
		};
		3E74540C26E1E767005E762E /* Cells */ = {
			isa = PBXGroup;
			children = (
				3E448857270AE02200D268F7 /* AccountCell.swift */,
				3EF37F8F26D7CBDB0043A7E1 /* BalancesTableViewCell.swift */,
				3E74540A26E1E75C005E762E /* CategoryCell.swift */,
				3E3700B026EBD80C00713904 /* ColorCell.swift */,
				3E25D07A2705A4CF00181A21 /* NewsCell.swift */,
			);
			path = Cells;
			sourceTree = "<group>";
		};
		41734F13167619A267F4A19C /* Pods */ = {
			isa = PBXGroup;
			children = (
				9D989AC74C9B5FC2C087360D /* Pods-Money.debug.xcconfig */,
				27EAB31D30B12E78935C8236 /* Pods-Money.release.xcconfig */,
			);
			path = Pods;
			sourceTree = "<group>";
		};
		C3CFC87B50A270452509BF47 /* Frameworks */ = {
			isa = PBXGroup;
			children = (
				92BE1CA9F5A5815B9243A085 /* Pods_Money.framework */,
			);
			name = Frameworks;
			sourceTree = "<group>";
		};
/* End PBXGroup section */

/* Begin PBXNativeTarget section */
		3E6FF59B26D3FDB500A373CB /* Money */ = {
			isa = PBXNativeTarget;
			buildConfigurationList = 3E6FF5B326D3FDB600A373CB /* Build configuration list for PBXNativeTarget "Money" */;
			buildPhases = (
				E840CC8F8B58A9E751676DA7 /* [CP] Check Pods Manifest.lock */,
				3E6FF59826D3FDB500A373CB /* Sources */,
				3E6FF59926D3FDB500A373CB /* Frameworks */,
				3E6FF59A26D3FDB500A373CB /* Resources */,
				9753BF407BA6278067C05588 /* [CP] Embed Pods Frameworks */,
			);
			buildRules = (
			);
			dependencies = (
			);
			name = Money;
			productName = Money;
			productReference = 3E6FF59C26D3FDB500A373CB /* Money.app */;
			productType = "com.apple.product-type.application";
		};
/* End PBXNativeTarget section */

/* Begin PBXProject section */
		3E6FF59426D3FDB400A373CB /* Project object */ = {
			isa = PBXProject;
			attributes = {
				LastSwiftUpdateCheck = 1250;
				LastUpgradeCheck = 1250;
				TargetAttributes = {
					3E6FF59B26D3FDB500A373CB = {
						CreatedOnToolsVersion = 12.5;
					};
				};
			};
			buildConfigurationList = 3E6FF59726D3FDB500A373CB /* Build configuration list for PBXProject "Money" */;
			compatibilityVersion = "Xcode 9.3";
			developmentRegion = en;
			hasScannedForEncodings = 0;
			knownRegions = (
				en,
				Base,
			);
			mainGroup = 3E6FF59326D3FDB400A373CB;
			productRefGroup = 3E6FF59D26D3FDB500A373CB /* Products */;
			projectDirPath = "";
			projectRoot = "";
			targets = (
				3E6FF59B26D3FDB500A373CB /* Money */,
			);
		};
/* End PBXProject section */

/* Begin PBXResourcesBuildPhase section */
		3E6FF59A26D3FDB500A373CB /* Resources */ = {
			isa = PBXResourcesBuildPhase;
			buildActionMask = 2147483647;
			files = (
				3E25D07F27098F6600181A21 /* GoogleService-Info.plist in Resources */,
				3E6FF5AF26D3FDB600A373CB /* LaunchScreen.storyboard in Resources */,
				3E6FF5AC26D3FDB600A373CB /* Assets.xcassets in Resources */,
				3EF37F9226D7CBDB0043A7E1 /* BalancesTableViewCell.xib in Resources */,
				3E6FF5A726D3FDB500A373CB /* Main.storyboard in Resources */,
			);
			runOnlyForDeploymentPostprocessing = 0;
		};
/* End PBXResourcesBuildPhase section */

/* Begin PBXShellScriptBuildPhase section */
		9753BF407BA6278067C05588 /* [CP] Embed Pods Frameworks */ = {
			isa = PBXShellScriptBuildPhase;
			buildActionMask = 2147483647;
			files = (
			);
			inputFileListPaths = (
				"${PODS_ROOT}/Target Support Files/Pods-Money/Pods-Money-frameworks-${CONFIGURATION}-input-files.xcfilelist",
			);
			name = "[CP] Embed Pods Frameworks";
			outputFileListPaths = (
				"${PODS_ROOT}/Target Support Files/Pods-Money/Pods-Money-frameworks-${CONFIGURATION}-output-files.xcfilelist",
			);
			runOnlyForDeploymentPostprocessing = 0;
			shellPath = /bin/sh;
			shellScript = "\"${PODS_ROOT}/Target Support Files/Pods-Money/Pods-Money-frameworks.sh\"\n";
			showEnvVarsInLog = 0;
		};
		E840CC8F8B58A9E751676DA7 /* [CP] Check Pods Manifest.lock */ = {
			isa = PBXShellScriptBuildPhase;
			buildActionMask = 2147483647;
			files = (
			);
			inputFileListPaths = (
			);
			inputPaths = (
				"${PODS_PODFILE_DIR_PATH}/Podfile.lock",
				"${PODS_ROOT}/Manifest.lock",
			);
			name = "[CP] Check Pods Manifest.lock";
			outputFileListPaths = (
			);
			outputPaths = (
				"$(DERIVED_FILE_DIR)/Pods-Money-checkManifestLockResult.txt",
			);
			runOnlyForDeploymentPostprocessing = 0;
			shellPath = /bin/sh;
			shellScript = "diff \"${PODS_PODFILE_DIR_PATH}/Podfile.lock\" \"${PODS_ROOT}/Manifest.lock\" > /dev/null\nif [ $? != 0 ] ; then\n    # print error to STDERR\n    echo \"error: The sandbox is not in sync with the Podfile.lock. Run 'pod install' or update your CocoaPods installation.\" >&2\n    exit 1\nfi\n# This output is used by Xcode 'outputs' to avoid re-running this script phase.\necho \"SUCCESS\" > \"${SCRIPT_OUTPUT_FILE_0}\"\n";
			showEnvVarsInLog = 0;
		};
/* End PBXShellScriptBuildPhase section */

/* Begin PBXSourcesBuildPhase section */
		3E6FF59826D3FDB500A373CB /* Sources */ = {
			isa = PBXSourcesBuildPhase;
			buildActionMask = 2147483647;
			files = (
				3E1F73B82701C83F00D6B1F4 /* ReportsViewController.swift in Sources */,
				3E448856270AC98300D268F7 /* AccountViewController.swift in Sources */,
				3EF37F9126D7CBDB0043A7E1 /* BalancesTableViewCell.swift in Sources */,
				3EC987C0271D456B00E747B9 /* Gradient.swift in Sources */,
				3EF37F9A26DCFD0F0043A7E1 /* DataEntriesViewController.swift in Sources */,
				3E6FF5A426D3FDB500A373CB /* HomeViewController.swift in Sources */,
				3E25D0772702F8BC00181A21 /* NewsData.swift in Sources */,
				3EB7ADB726E89BBF00C36345 /* CreateCategoryViewController.swift in Sources */,
				3EF37F9626DCE5A30043A7E1 /* CustomTabBarController.swift in Sources */,
				3EC56F6C26E5F20700B63E48 /* CategoryViewController.swift in Sources */,
				3E66A4C526F5E2A2002BA59E /* DummyFile.swift in Sources */,
				3E25D08127098FCD00181A21 /* WelcomeViewController.swift in Sources */,
				3E6FF5A026D3FDB500A373CB /* AppDelegate.swift in Sources */,
				3E25D07B2705A4CF00181A21 /* NewsCell.swift in Sources */,
				3EF37F9826DCF63F0043A7E1 /* CustomTabBar.swift in Sources */,
				3E6FF5AA26D3FDB500A373CB /* Money.xcdatamodeld in Sources */,
				3EB60DAA26F47A16007BE8CD /* ModalTransitionMediator.swift in Sources */,
				3E25D0732702E61B00181A21 /* NewsModel.swift in Sources */,
				3E25D0752702E63500181A21 /* NewsManager.swift in Sources */,
				3E25D07D2706E36500181A21 /* DetailNewsViewController.swift in Sources */,
				3E3700B126EBD80C00713904 /* ColorCell.swift in Sources */,
				3E44885A270C250900D268F7 /* AccountSection.swift in Sources */,
				3E6FF5BA26D4111000A373CB /* MoneyData.swift in Sources */,
				3EF37F9426DA11CD0043A7E1 /* Balance.swift in Sources */,
				3E25D0792704236700181A21 /* NewsViewController.swift in Sources */,
				3E448858270AE02200D268F7 /* AccountCell.swift in Sources */,
				3E6FF5A226D3FDB500A373CB /* SceneDelegate.swift in Sources */,
				3E74540B26E1E75C005E762E /* CategoryCell.swift in Sources */,
			);
			runOnlyForDeploymentPostprocessing = 0;
		};
/* End PBXSourcesBuildPhase section */

/* Begin PBXVariantGroup section */
		3E6FF5A526D3FDB500A373CB /* Main.storyboard */ = {
			isa = PBXVariantGroup;
			children = (
				3E6FF5A626D3FDB500A373CB /* Base */,
			);
			name = Main.storyboard;
			sourceTree = "<group>";
		};
		3E6FF5AD26D3FDB600A373CB /* LaunchScreen.storyboard */ = {
			isa = PBXVariantGroup;
			children = (
				3E6FF5AE26D3FDB600A373CB /* Base */,
			);
			name = LaunchScreen.storyboard;
			sourceTree = "<group>";
		};
/* End PBXVariantGroup section */

/* Begin XCBuildConfiguration section */
		3E6FF5B126D3FDB600A373CB /* Debug */ = {
			isa = XCBuildConfiguration;
			buildSettings = {
				ALWAYS_SEARCH_USER_PATHS = NO;
				CLANG_ANALYZER_NONNULL = YES;
				CLANG_ANALYZER_NUMBER_OBJECT_CONVERSION = YES_AGGRESSIVE;
				CLANG_CXX_LANGUAGE_STANDARD = "gnu++14";
				CLANG_CXX_LIBRARY = "libc++";
				CLANG_ENABLE_MODULES = YES;
				CLANG_ENABLE_OBJC_ARC = YES;
				CLANG_ENABLE_OBJC_WEAK = YES;
				CLANG_WARN_BLOCK_CAPTURE_AUTORELEASING = YES;
				CLANG_WARN_BOOL_CONVERSION = YES;
				CLANG_WARN_COMMA = YES;
				CLANG_WARN_CONSTANT_CONVERSION = YES;
				CLANG_WARN_DEPRECATED_OBJC_IMPLEMENTATIONS = YES;
				CLANG_WARN_DIRECT_OBJC_ISA_USAGE = YES_ERROR;
				CLANG_WARN_DOCUMENTATION_COMMENTS = YES;
				CLANG_WARN_EMPTY_BODY = YES;
				CLANG_WARN_ENUM_CONVERSION = YES;
				CLANG_WARN_INFINITE_RECURSION = YES;
				CLANG_WARN_INT_CONVERSION = YES;
				CLANG_WARN_NON_LITERAL_NULL_CONVERSION = YES;
				CLANG_WARN_OBJC_IMPLICIT_RETAIN_SELF = YES;
				CLANG_WARN_OBJC_LITERAL_CONVERSION = YES;
				CLANG_WARN_OBJC_ROOT_CLASS = YES_ERROR;
				CLANG_WARN_QUOTED_INCLUDE_IN_FRAMEWORK_HEADER = YES;
				CLANG_WARN_RANGE_LOOP_ANALYSIS = YES;
				CLANG_WARN_STRICT_PROTOTYPES = YES;
				CLANG_WARN_SUSPICIOUS_MOVE = YES;
				CLANG_WARN_UNGUARDED_AVAILABILITY = YES_AGGRESSIVE;
				CLANG_WARN_UNREACHABLE_CODE = YES;
				CLANG_WARN__DUPLICATE_METHOD_MATCH = YES;
				COPY_PHASE_STRIP = NO;
				DEBUG_INFORMATION_FORMAT = dwarf;
				ENABLE_STRICT_OBJC_MSGSEND = YES;
				ENABLE_TESTABILITY = YES;
				GCC_C_LANGUAGE_STANDARD = gnu11;
				GCC_DYNAMIC_NO_PIC = NO;
				GCC_NO_COMMON_BLOCKS = YES;
				GCC_OPTIMIZATION_LEVEL = 0;
				GCC_PREPROCESSOR_DEFINITIONS = (
					"DEBUG=1",
					"$(inherited)",
				);
				GCC_WARN_64_TO_32_BIT_CONVERSION = YES;
				GCC_WARN_ABOUT_RETURN_TYPE = YES_ERROR;
				GCC_WARN_UNDECLARED_SELECTOR = YES;
				GCC_WARN_UNINITIALIZED_AUTOS = YES_AGGRESSIVE;
				GCC_WARN_UNUSED_FUNCTION = YES;
				GCC_WARN_UNUSED_VARIABLE = YES;
				IPHONEOS_DEPLOYMENT_TARGET = 14.5;
				MTL_ENABLE_DEBUG_INFO = INCLUDE_SOURCE;
				MTL_FAST_MATH = YES;
				ONLY_ACTIVE_ARCH = YES;
				SDKROOT = iphoneos;
				SWIFT_ACTIVE_COMPILATION_CONDITIONS = DEBUG;
				SWIFT_OPTIMIZATION_LEVEL = "-Onone";
			};
			name = Debug;
		};
		3E6FF5B226D3FDB600A373CB /* Release */ = {
			isa = XCBuildConfiguration;
			buildSettings = {
				ALWAYS_SEARCH_USER_PATHS = NO;
				CLANG_ANALYZER_NONNULL = YES;
				CLANG_ANALYZER_NUMBER_OBJECT_CONVERSION = YES_AGGRESSIVE;
				CLANG_CXX_LANGUAGE_STANDARD = "gnu++14";
				CLANG_CXX_LIBRARY = "libc++";
				CLANG_ENABLE_MODULES = YES;
				CLANG_ENABLE_OBJC_ARC = YES;
				CLANG_ENABLE_OBJC_WEAK = YES;
				CLANG_WARN_BLOCK_CAPTURE_AUTORELEASING = YES;
				CLANG_WARN_BOOL_CONVERSION = YES;
				CLANG_WARN_COMMA = YES;
				CLANG_WARN_CONSTANT_CONVERSION = YES;
				CLANG_WARN_DEPRECATED_OBJC_IMPLEMENTATIONS = YES;
				CLANG_WARN_DIRECT_OBJC_ISA_USAGE = YES_ERROR;
				CLANG_WARN_DOCUMENTATION_COMMENTS = YES;
				CLANG_WARN_EMPTY_BODY = YES;
				CLANG_WARN_ENUM_CONVERSION = YES;
				CLANG_WARN_INFINITE_RECURSION = YES;
				CLANG_WARN_INT_CONVERSION = YES;
				CLANG_WARN_NON_LITERAL_NULL_CONVERSION = YES;
				CLANG_WARN_OBJC_IMPLICIT_RETAIN_SELF = YES;
				CLANG_WARN_OBJC_LITERAL_CONVERSION = YES;
				CLANG_WARN_OBJC_ROOT_CLASS = YES_ERROR;
				CLANG_WARN_QUOTED_INCLUDE_IN_FRAMEWORK_HEADER = YES;
				CLANG_WARN_RANGE_LOOP_ANALYSIS = YES;
				CLANG_WARN_STRICT_PROTOTYPES = YES;
				CLANG_WARN_SUSPICIOUS_MOVE = YES;
				CLANG_WARN_UNGUARDED_AVAILABILITY = YES_AGGRESSIVE;
				CLANG_WARN_UNREACHABLE_CODE = YES;
				CLANG_WARN__DUPLICATE_METHOD_MATCH = YES;
				COPY_PHASE_STRIP = NO;
				DEBUG_INFORMATION_FORMAT = "dwarf-with-dsym";
				ENABLE_NS_ASSERTIONS = NO;
				ENABLE_STRICT_OBJC_MSGSEND = YES;
				GCC_C_LANGUAGE_STANDARD = gnu11;
				GCC_NO_COMMON_BLOCKS = YES;
				GCC_WARN_64_TO_32_BIT_CONVERSION = YES;
				GCC_WARN_ABOUT_RETURN_TYPE = YES_ERROR;
				GCC_WARN_UNDECLARED_SELECTOR = YES;
				GCC_WARN_UNINITIALIZED_AUTOS = YES_AGGRESSIVE;
				GCC_WARN_UNUSED_FUNCTION = YES;
				GCC_WARN_UNUSED_VARIABLE = YES;
				IPHONEOS_DEPLOYMENT_TARGET = 14.5;
				MTL_ENABLE_DEBUG_INFO = NO;
				MTL_FAST_MATH = YES;
				SDKROOT = iphoneos;
				SWIFT_COMPILATION_MODE = wholemodule;
				SWIFT_OPTIMIZATION_LEVEL = "-O";
				VALIDATE_PRODUCT = YES;
			};
			name = Release;
		};
		3E6FF5B426D3FDB600A373CB /* Debug */ = {
			isa = XCBuildConfiguration;
			baseConfigurationReference = 9D989AC74C9B5FC2C087360D /* Pods-Money.debug.xcconfig */;
			buildSettings = {
				ASSETCATALOG_COMPILER_APPICON_NAME = AppIcon;
				ASSETCATALOG_COMPILER_GLOBAL_ACCENT_COLOR_NAME = AccentColor;
				CODE_SIGN_STYLE = Automatic;
				DEVELOPMENT_TEAM = JRJDR3QJ2K;
				INFOPLIST_FILE = Money/Info.plist;
				LD_RUNPATH_SEARCH_PATHS = (
					"$(inherited)",
					"@executable_path/Frameworks",
				);
				PRODUCT_BUNDLE_IDENTIFIER = com.miguelPelayo.Money;
				PRODUCT_NAME = "$(TARGET_NAME)";
				SWIFT_VERSION = 5.0;
				TARGETED_DEVICE_FAMILY = "1,2";
			};
			name = Debug;
		};
		3E6FF5B526D3FDB600A373CB /* Release */ = {
			isa = XCBuildConfiguration;
			baseConfigurationReference = 27EAB31D30B12E78935C8236 /* Pods-Money.release.xcconfig */;
			buildSettings = {
				ASSETCATALOG_COMPILER_APPICON_NAME = AppIcon;
				ASSETCATALOG_COMPILER_GLOBAL_ACCENT_COLOR_NAME = AccentColor;
				CODE_SIGN_STYLE = Automatic;
				DEVELOPMENT_TEAM = JRJDR3QJ2K;
				INFOPLIST_FILE = Money/Info.plist;
				LD_RUNPATH_SEARCH_PATHS = (
					"$(inherited)",
					"@executable_path/Frameworks",
				);
				PRODUCT_BUNDLE_IDENTIFIER = com.miguelPelayo.Money;
				PRODUCT_NAME = "$(TARGET_NAME)";
				SWIFT_VERSION = 5.0;
				TARGETED_DEVICE_FAMILY = "1,2";
			};
			name = Release;
		};
/* End XCBuildConfiguration section */

/* Begin XCConfigurationList section */
		3E6FF59726D3FDB500A373CB /* Build configuration list for PBXProject "Money" */ = {
			isa = XCConfigurationList;
			buildConfigurations = (
				3E6FF5B126D3FDB600A373CB /* Debug */,
				3E6FF5B226D3FDB600A373CB /* Release */,
			);
			defaultConfigurationIsVisible = 0;
			defaultConfigurationName = Release;
		};
		3E6FF5B326D3FDB600A373CB /* Build configuration list for PBXNativeTarget "Money" */ = {
			isa = XCConfigurationList;
			buildConfigurations = (
				3E6FF5B426D3FDB600A373CB /* Debug */,
				3E6FF5B526D3FDB600A373CB /* Release */,
			);
			defaultConfigurationIsVisible = 0;
			defaultConfigurationName = Release;
		};
/* End XCConfigurationList section */

/* Begin XCVersionGroup section */
		3E6FF5A826D3FDB500A373CB /* Money.xcdatamodeld */ = {
			isa = XCVersionGroup;
			children = (
				3E6FF5A926D3FDB500A373CB /* Money.xcdatamodel */,
			);
			currentVersion = 3E6FF5A926D3FDB500A373CB /* Money.xcdatamodel */;
			path = Money.xcdatamodeld;
			sourceTree = "<group>";
			versionGroupType = wrapper.xcdatamodel;
		};
/* End XCVersionGroup section */
	};
	rootObject = 3E6FF59426D3FDB400A373CB /* Project object */;
}
